{
  "nodes": {
    "nixpkgs": {
      "locked": {
        "lastModified": 1642940213,
        "narHash": "sha256-LXGwfPrtbhix9IRUT2phtbJsur41lkTsrKcTcS0lzIc=",
        "owner": "NixOS",
        "repo": "nixpkgs",
        "rev": "8ca77a63599ed951d6a2d244c1d62092776a3fe1",
        "type": "github"
      },
      "original": {
        "owner": "NixOS",
        "repo": "nixpkgs",
        "rev": "8ca77a63599ed951d6a2d244c1d62092776a3fe1",
        "type": "github"
      }
    },
    "root": {
      "inputs": {
        "nixpkgs": "nixpkgs",
        "src": "src"
      }
    },
    "src": {
      "flake": false,
      "locked": {
        "narHash": "sha256-l43y3Co5dIYyr7DqwJGBIchQGCAt/L9UGAPn86qgvYg=",
        "type": "tarball",
        "url": "https://files.pythonhosted.org/packages/10/9f/dcecf31ac08842a675ec337a14439b37d75f6da42f034b1fd5eb90b10b84/pystan-2.19.1.1.tar.gz"
      },
      "original": {
        "type": "tarball",
        "url": "https://files.pythonhosted.org/packages/10/9f/dcecf31ac08842a675ec337a14439b37d75f6da42f034b1fd5eb90b10b84/pystan-2.19.1.1.tar.gz"
      }
    }
  },
  "root": "root",
  "version": 7
}
