{
  "nodes": {
    "nixpkgs": {
      "locked": {
        "lastModified": 1639161226,
        "narHash": "sha256-75Y08ynJDTq6HHGIF+8IADBJSVip0UyWQH7jqSFnRR8=",
        "owner": "NixOS",
        "repo": "nixpkgs",
        "rev": "573095944e7c1d58d30fc679c81af63668b54056",
        "type": "github"
      },
      "original": {
        "owner": "NixOS",
        "ref": "nixos-21.11",
        "repo": "nixpkgs",
        "type": "github"
      }
    },
    "root": {
      "inputs": {
        "nixpkgs": "nixpkgs",
        "src": "src"
      }
    },
    "src": {
      "flake": false,
      "locked": {
        "narHash": "sha256-l43y3Co5dIYyr7DqwJGBIchQGCAt/L9UGAPn86qgvYg=",
        "type": "tarball",
        "url": "https://files.pythonhosted.org/packages/10/9f/dcecf31ac08842a675ec337a14439b37d75f6da42f034b1fd5eb90b10b84/pystan-2.19.1.1.tar.gz"
      },
      "original": {
        "type": "tarball",
        "url": "https://files.pythonhosted.org/packages/10/9f/dcecf31ac08842a675ec337a14439b37d75f6da42f034b1fd5eb90b10b84/pystan-2.19.1.1.tar.gz"
      }
    }
  },
  "root": "root",
  "version": 7
}
